
Microsoft Visual Studio Solution File, Format Version 12.00
# Visual Studio Version 17
VisualStudioVersion = 17.5.33530.505
MinimumVisualStudioVersion = 10.0.40219.1
Project("{9A19103F-16F7-4668-BE54-9A1E7A4F7556}") = "Notino.Api", "NotinoAssigement\Notino.Api.csproj", "{BBFFFD76-22BC-4778-B5EA-CED70D0428E9}"
EndProject
Project("{9A19103F-16F7-4668-BE54-9A1E7A4F7556}") = "Notino.Domain", "Domain\Notino.Domain.csproj", "{4E1EA23E-0BAD-4942-871D-7A8563F9B553}"
EndProject
Project("{9A19103F-16F7-4668-BE54-9A1E7A4F7556}") = "Notino.Data.InMemoryEF", "Notino.Data.InMemoryEF\Notino.Data.InMemoryEF.csproj", "{C660CCC1-691E-4985-BC63-070951934BD4}"
EndProject
Project("{2150E333-8FDC-42A3-9474-1A3956D46DE8}") = "Tests", "Tests", "{8D435FA0-B7AF-4C2F-82E6-757A805A8E24}"
EndProject
Project("{9A19103F-16F7-4668-BE54-9A1E7A4F7556}") = "Notino.Data.SQLite", "Notino.Data.SQLite\Notino.Data.SQLite.csproj", "{AFB3329C-FAE7-4C6C-8FC4-7D5DD22EAF2A}"
EndProject
Project("{FAE04EC0-301F-11D3-BF4B-00C04F79EFBC}") = "UnitTests", "UnitTests\UnitTests.csproj", "{D246A68C-9287-4CC7-85ED-46EE3333039C}"
EndProject
Global
	GlobalSection(SolutionConfigurationPlatforms) = preSolution
		Debug|Any CPU = Debug|Any CPU
		Release|Any CPU = Release|Any CPU
	EndGlobalSection
	GlobalSection(ProjectConfigurationPlatforms) = postSolution
		{BBFFFD76-22BC-4778-B5EA-CED70D0428E9}.Debug|Any CPU.ActiveCfg = Debug|Any CPU
		{BBFFFD76-22BC-4778-B5EA-CED70D0428E9}.Debug|Any CPU.Build.0 = Debug|Any CPU
		{BBFFFD76-22BC-4778-B5EA-CED70D0428E9}.Release|Any CPU.ActiveCfg = Release|Any CPU
		{BBFFFD76-22BC-4778-B5EA-CED70D0428E9}.Release|Any CPU.Build.0 = Release|Any CPU
		{4E1EA23E-0BAD-4942-871D-7A8563F9B553}.Debug|Any CPU.ActiveCfg = Debug|Any CPU
		{4E1EA23E-0BAD-4942-871D-7A8563F9B553}.Debug|Any CPU.Build.0 = Debug|Any CPU
		{4E1EA23E-0BAD-4942-871D-7A8563F9B553}.Release|Any CPU.ActiveCfg = Release|Any CPU
		{4E1EA23E-0BAD-4942-871D-7A8563F9B553}.Release|Any CPU.Build.0 = Release|Any CPU
		{C660CCC1-691E-4985-BC63-070951934BD4}.Debug|Any CPU.ActiveCfg = Debug|Any CPU
		{C660CCC1-691E-4985-BC63-070951934BD4}.Debug|Any CPU.Build.0 = Debug|Any CPU
		{C660CCC1-691E-4985-BC63-070951934BD4}.Release|Any CPU.ActiveCfg = Release|Any CPU
		{C660CCC1-691E-4985-BC63-070951934BD4}.Release|Any CPU.Build.0 = Release|Any CPU
		{AFB3329C-FAE7-4C6C-8FC4-7D5DD22EAF2A}.Debug|Any CPU.ActiveCfg = Debug|Any CPU
		{AFB3329C-FAE7-4C6C-8FC4-7D5DD22EAF2A}.Debug|Any CPU.Build.0 = Debug|Any CPU
		{AFB3329C-FAE7-4C6C-8FC4-7D5DD22EAF2A}.Release|Any CPU.ActiveCfg = Release|Any CPU
		{AFB3329C-FAE7-4C6C-8FC4-7D5DD22EAF2A}.Release|Any CPU.Build.0 = Release|Any CPU
		{D246A68C-9287-4CC7-85ED-46EE3333039C}.Debug|Any CPU.ActiveCfg = Debug|Any CPU
		{D246A68C-9287-4CC7-85ED-46EE3333039C}.Debug|Any CPU.Build.0 = Debug|Any CPU
		{D246A68C-9287-4CC7-85ED-46EE3333039C}.Release|Any CPU.ActiveCfg = Release|Any CPU
		{D246A68C-9287-4CC7-85ED-46EE3333039C}.Release|Any CPU.Build.0 = Release|Any CPU
	EndGlobalSection
	GlobalSection(SolutionProperties) = preSolution
		HideSolutionNode = FALSE
	EndGlobalSection
	GlobalSection(NestedProjects) = preSolution
		{D246A68C-9287-4CC7-85ED-46EE3333039C} = {8D435FA0-B7AF-4C2F-82E6-757A805A8E24}
	EndGlobalSection
	GlobalSection(ExtensibilityGlobals) = postSolution
		SolutionGuid = {2B89BA71-D31E-447C-8477-DA590094CC88}
	EndGlobalSection
EndGlobal
